
Microsoft Visual Studio Solution File, Format Version 12.00
Project("{FAE04EC0-301F-11D3-BF4B-00C04F79EFBC}") = "AeProtocol", "AeProtocol.csproj", "{9455E4CA-ED4C-4DCD-A882-A7DD5EF3D762}"
EndProject
Global
	GlobalSection(SolutionConfigurationPlatforms) = preSolution
		Debug|Any CPU = Debug|Any CPU
		Release|Any CPU = Release|Any CPU
	EndGlobalSection
	GlobalSection(ProjectConfigurationPlatforms) = postSolution
		{9455E4CA-ED4C-4DCD-A882-A7DD5EF3D762}.Debug|Any CPU.ActiveCfg = Debug|Any CPU
		{9455E4CA-ED4C-4DCD-A882-A7DD5EF3D762}.Debug|Any CPU.Build.0 = Debug|Any CPU
		{9455E4CA-ED4C-4DCD-A882-A7DD5EF3D762}.Release|Any CPU.ActiveCfg = Release|Any CPU
		{9455E4CA-ED4C-4DCD-A882-A7DD5EF3D762}.Release|Any CPU.Build.0 = Release|Any CPU
	EndGlobalSection
EndGlobal
